
Microsoft Visual Studio Solution File, Format Version 12.00
Project("{FAE04EC0-301F-11D3-BF4B-00C04F79EFBC}") = "Bootstrap-Compiler", "Bootstrap-Compiler\Bootstrap-Compiler.csproj", "{0810F1B0-1E21-46A3-889A-C4D0B5D381DC}"
EndProject
Global
	GlobalSection(SolutionConfigurationPlatforms) = preSolution
		Debug|Any CPU = Debug|Any CPU
		Release|Any CPU = Release|Any CPU
	EndGlobalSection
	GlobalSection(ProjectConfigurationPlatforms) = postSolution
		{0810F1B0-1E21-46A3-889A-C4D0B5D381DC}.Debug|Any CPU.ActiveCfg = Debug|Any CPU
		{0810F1B0-1E21-46A3-889A-C4D0B5D381DC}.Debug|Any CPU.Build.0 = Debug|Any CPU
		{0810F1B0-1E21-46A3-889A-C4D0B5D381DC}.Release|Any CPU.ActiveCfg = Release|Any CPU
		{0810F1B0-1E21-46A3-889A-C4D0B5D381DC}.Release|Any CPU.Build.0 = Release|Any CPU
	EndGlobalSection
EndGlobal
